// !$*UTF8*$!
{
	archiveVersion = 1;
	classes = {
	};
	objectVersion = 50;
	objects = {

/* Begin PBXBuildFile section */
		90F0B7E724DA7C3800048EAE /* FetchDataOperation.swift in Sources */ = {isa = PBXBuildFile; fileRef = 90F0B7E624DA7C3800048EAE /* FetchDataOperation.swift */; };
		90F0B7E924DA7DA700048EAE /* TransformDataOperation.swift in Sources */ = {isa = PBXBuildFile; fileRef = 90F0B7E824DA7DA700048EAE /* TransformDataOperation.swift */; };
		90F0B7EB24DA806C00048EAE /* CompleteOperation.swift in Sources */ = {isa = PBXBuildFile; fileRef = 90F0B7EA24DA806C00048EAE /* CompleteOperation.swift */; };
		90FD272624D2D0F500A6CA7E /* AppDelegate.swift in Sources */ = {isa = PBXBuildFile; fileRef = 90FD272524D2D0F500A6CA7E /* AppDelegate.swift */; };
		90FD272824D2D0F500A6CA7E /* SceneDelegate.swift in Sources */ = {isa = PBXBuildFile; fileRef = 90FD272724D2D0F500A6CA7E /* SceneDelegate.swift */; };
		90FD272A24D2D0F500A6CA7E /* ViewController.swift in Sources */ = {isa = PBXBuildFile; fileRef = 90FD272924D2D0F500A6CA7E /* ViewController.swift */; };
		90FD272D24D2D0F500A6CA7E /* Main.storyboard in Resources */ = {isa = PBXBuildFile; fileRef = 90FD272B24D2D0F500A6CA7E /* Main.storyboard */; };
		90FD272F24D2D0FA00A6CA7E /* Assets.xcassets in Resources */ = {isa = PBXBuildFile; fileRef = 90FD272E24D2D0FA00A6CA7E /* Assets.xcassets */; };
		90FD273224D2D0FA00A6CA7E /* LaunchScreen.storyboard in Resources */ = {isa = PBXBuildFile; fileRef = 90FD273024D2D0FA00A6CA7E /* LaunchScreen.storyboard */; };
		90FD273B24D2D11500A6CA7E /* AsyncOperation.swift in Sources */ = {isa = PBXBuildFile; fileRef = 90FD273A24D2D11500A6CA7E /* AsyncOperation.swift */; };
/* End PBXBuildFile section */

/* Begin PBXFileReference section */
		90F0B7E624DA7C3800048EAE /* FetchDataOperation.swift */ = {isa = PBXFileReference; lastKnownFileType = sourcecode.swift; path = FetchDataOperation.swift; sourceTree = "<group>"; };
		90F0B7E824DA7DA700048EAE /* TransformDataOperation.swift */ = {isa = PBXFileReference; lastKnownFileType = sourcecode.swift; path = TransformDataOperation.swift; sourceTree = "<group>"; };
		90F0B7EA24DA806C00048EAE /* CompleteOperation.swift */ = {isa = PBXFileReference; lastKnownFileType = sourcecode.swift; path = CompleteOperation.swift; sourceTree = "<group>"; };
		90FD272224D2D0F500A6CA7E /* AsyncOperation.app */ = {isa = PBXFileReference; explicitFileType = wrapper.application; includeInIndex = 0; path = AsyncOperation.app; sourceTree = BUILT_PRODUCTS_DIR; };
		90FD272524D2D0F500A6CA7E /* AppDelegate.swift */ = {isa = PBXFileReference; lastKnownFileType = sourcecode.swift; path = AppDelegate.swift; sourceTree = "<group>"; };
		90FD272724D2D0F500A6CA7E /* SceneDelegate.swift */ = {isa = PBXFileReference; lastKnownFileType = sourcecode.swift; path = SceneDelegate.swift; sourceTree = "<group>"; };
		90FD272924D2D0F500A6CA7E /* ViewController.swift */ = {isa = PBXFileReference; lastKnownFileType = sourcecode.swift; path = ViewController.swift; sourceTree = "<group>"; };
		90FD272C24D2D0F500A6CA7E /* Base */ = {isa = PBXFileReference; lastKnownFileType = file.storyboard; name = Base; path = Base.lproj/Main.storyboard; sourceTree = "<group>"; };
		90FD272E24D2D0FA00A6CA7E /* Assets.xcassets */ = {isa = PBXFileReference; lastKnownFileType = folder.assetcatalog; path = Assets.xcassets; sourceTree = "<group>"; };
		90FD273124D2D0FA00A6CA7E /* Base */ = {isa = PBXFileReference; lastKnownFileType = file.storyboard; name = Base; path = Base.lproj/LaunchScreen.storyboard; sourceTree = "<group>"; };
		90FD273324D2D0FA00A6CA7E /* Info.plist */ = {isa = PBXFileReference; lastKnownFileType = text.plist.xml; path = Info.plist; sourceTree = "<group>"; };
		90FD273A24D2D11500A6CA7E /* AsyncOperation.swift */ = {isa = PBXFileReference; lastKnownFileType = sourcecode.swift; path = AsyncOperation.swift; sourceTree = "<group>"; };
/* End PBXFileReference section */

/* Begin PBXFrameworksBuildPhase section */
		90FD271F24D2D0F500A6CA7E /* Frameworks */ = {
			isa = PBXFrameworksBuildPhase;
			buildActionMask = 2147483647;
			files = (
			);
			runOnlyForDeploymentPostprocessing = 0;
		};
/* End PBXFrameworksBuildPhase section */

/* Begin PBXGroup section */
		90FD271924D2D0F500A6CA7E = {
			isa = PBXGroup;
			children = (
				90FD272424D2D0F500A6CA7E /* AsyncOperation */,
				90FD272324D2D0F500A6CA7E /* Products */,
			);
			sourceTree = "<group>";
		};
		90FD272324D2D0F500A6CA7E /* Products */ = {
			isa = PBXGroup;
			children = (
				90FD272224D2D0F500A6CA7E /* AsyncOperation.app */,
			);
			name = Products;
			sourceTree = "<group>";
		};
		90FD272424D2D0F500A6CA7E /* AsyncOperation */ = {
			isa = PBXGroup;
			children = (
				90FD273924D2D10400A6CA7E /* source */,
				90FD272524D2D0F500A6CA7E /* AppDelegate.swift */,
				90FD272724D2D0F500A6CA7E /* SceneDelegate.swift */,
				90FD272924D2D0F500A6CA7E /* ViewController.swift */,
				90FD272B24D2D0F500A6CA7E /* Main.storyboard */,
				90FD272E24D2D0FA00A6CA7E /* Assets.xcassets */,
				90FD273024D2D0FA00A6CA7E /* LaunchScreen.storyboard */,
				90FD273324D2D0FA00A6CA7E /* Info.plist */,
				90F0B7E624DA7C3800048EAE /* FetchDataOperation.swift */,
				90F0B7E824DA7DA700048EAE /* TransformDataOperation.swift */,
				90F0B7EA24DA806C00048EAE /* CompleteOperation.swift */,
			);
			path = AsyncOperation;
			sourceTree = "<group>";
		};
		90FD273924D2D10400A6CA7E /* source */ = {
			isa = PBXGroup;
			children = (
				90FD273A24D2D11500A6CA7E /* AsyncOperation.swift */,
			);
			path = source;
			sourceTree = "<group>";
		};
/* End PBXGroup section */

/* Begin PBXNativeTarget section */
		90FD272124D2D0F500A6CA7E /* AsyncOperation */ = {
			isa = PBXNativeTarget;
			buildConfigurationList = 90FD273624D2D0FA00A6CA7E /* Build configuration list for PBXNativeTarget "AsyncOperation" */;
			buildPhases = (
				90FD271E24D2D0F500A6CA7E /* Sources */,
				90FD271F24D2D0F500A6CA7E /* Frameworks */,
				90FD272024D2D0F500A6CA7E /* Resources */,
			);
			buildRules = (
			);
			dependencies = (
			);
			name = AsyncOperation;
			productName = AsyncOperation;
			productReference = 90FD272224D2D0F500A6CA7E /* AsyncOperation.app */;
			productType = "com.apple.product-type.application";
		};
/* End PBXNativeTarget section */

/* Begin PBXProject section */
		90FD271A24D2D0F500A6CA7E /* Project object */ = {
			isa = PBXProject;
			attributes = {
				LastSwiftUpdateCheck = 1150;
				LastUpgradeCheck = 1150;
				ORGANIZATIONNAME = czw;
				TargetAttributes = {
					90FD272124D2D0F500A6CA7E = {
						CreatedOnToolsVersion = 11.5;
					};
				};
			};
			buildConfigurationList = 90FD271D24D2D0F500A6CA7E /* Build configuration list for PBXProject "AsyncOperation" */;
			compatibilityVersion = "Xcode 9.3";
			developmentRegion = en;
			hasScannedForEncodings = 0;
			knownRegions = (
				en,
				Base,
			);
			mainGroup = 90FD271924D2D0F500A6CA7E;
			productRefGroup = 90FD272324D2D0F500A6CA7E /* Products */;
			projectDirPath = "";
			projectRoot = "";
			targets = (
				90FD272124D2D0F500A6CA7E /* AsyncOperation */,
			);
		};
/* End PBXProject section */

/* Begin PBXResourcesBuildPhase section */
		90FD272024D2D0F500A6CA7E /* Resources */ = {
			isa = PBXResourcesBuildPhase;
			buildActionMask = 2147483647;
			files = (
				90FD273224D2D0FA00A6CA7E /* LaunchScreen.storyboard in Resources */,
				90FD272F24D2D0FA00A6CA7E /* Assets.xcassets in Resources */,
				90FD272D24D2D0F500A6CA7E /* Main.storyboard in Resources */,
			);
			runOnlyForDeploymentPostprocessing = 0;
		};
/* End PBXResourcesBuildPhase section */

/* Begin PBXSourcesBuildPhase section */
		90FD271E24D2D0F500A6CA7E /* Sources */ = {
			isa = PBXSourcesBuildPhase;
			buildActionMask = 2147483647;
			files = (
				90FD272A24D2D0F500A6CA7E /* ViewController.swift in Sources */,
				90FD272624D2D0F500A6CA7E /* AppDelegate.swift in Sources */,
				90F0B7E924DA7DA700048EAE /* TransformDataOperation.swift in Sources */,
				90F0B7EB24DA806C00048EAE /* CompleteOperation.swift in Sources */,
				90FD273B24D2D11500A6CA7E /* AsyncOperation.swift in Sources */,
				90F0B7E724DA7C3800048EAE /* FetchDataOperation.swift in Sources */,
				90FD272824D2D0F500A6CA7E /* SceneDelegate.swift in Sources */,
			);
			runOnlyForDeploymentPostprocessing = 0;
		};
/* End PBXSourcesBuildPhase section */

/* Begin PBXVariantGroup section */
		90FD272B24D2D0F500A6CA7E /* Main.storyboard */ = {
			isa = PBXVariantGroup;
			children = (
				90FD272C24D2D0F500A6CA7E /* Base */,
			);
			name = Main.storyboard;
			sourceTree = "<group>";
		};
		90FD273024D2D0FA00A6CA7E /* LaunchScreen.storyboard */ = {
			isa = PBXVariantGroup;
			children = (
				90FD273124D2D0FA00A6CA7E /* Base */,
			);
			name = LaunchScreen.storyboard;
			sourceTree = "<group>";
		};
/* End PBXVariantGroup section */

/* Begin XCBuildConfiguration section */
		90FD273424D2D0FA00A6CA7E /* Debug */ = {
			isa = XCBuildConfiguration;
			buildSettings = {
				ALWAYS_SEARCH_USER_PATHS = NO;
				CLANG_ANALYZER_NONNULL = YES;
				CLANG_ANALYZER_NUMBER_OBJECT_CONVERSION = YES_AGGRESSIVE;
				CLANG_CXX_LANGUAGE_STANDARD = "gnu++14";
				CLANG_CXX_LIBRARY = "libc++";
				CLANG_ENABLE_MODULES = YES;
				CLANG_ENABLE_OBJC_ARC = YES;
				CLANG_ENABLE_OBJC_WEAK = YES;
				CLANG_WARN_BLOCK_CAPTURE_AUTORELEASING = YES;
				CLANG_WARN_BOOL_CONVERSION = YES;
				CLANG_WARN_COMMA = YES;
				CLANG_WARN_CONSTANT_CONVERSION = YES;
				CLANG_WARN_DEPRECATED_OBJC_IMPLEMENTATIONS = YES;
				CLANG_WARN_DIRECT_OBJC_ISA_USAGE = YES_ERROR;
				CLANG_WARN_DOCUMENTATION_COMMENTS = YES;
				CLANG_WARN_EMPTY_BODY = YES;
				CLANG_WARN_ENUM_CONVERSION = YES;
				CLANG_WARN_INFINITE_RECURSION = YES;
				CLANG_WARN_INT_CONVERSION = YES;
				CLANG_WARN_NON_LITERAL_NULL_CONVERSION = YES;
				CLANG_WARN_OBJC_IMPLICIT_RETAIN_SELF = YES;
				CLANG_WARN_OBJC_LITERAL_CONVERSION = YES;
				CLANG_WARN_OBJC_ROOT_CLASS = YES_ERROR;
				CLANG_WARN_RANGE_LOOP_ANALYSIS = YES;
				CLANG_WARN_STRICT_PROTOTYPES = YES;
				CLANG_WARN_SUSPICIOUS_MOVE = YES;
				CLANG_WARN_UNGUARDED_AVAILABILITY = YES_AGGRESSIVE;
				CLANG_WARN_UNREACHABLE_CODE = YES;
				CLANG_WARN__DUPLICATE_METHOD_MATCH = YES;
				COPY_PHASE_STRIP = NO;
				DEBUG_INFORMATION_FORMAT = dwarf;
				ENABLE_STRICT_OBJC_MSGSEND = YES;
				ENABLE_TESTABILITY = YES;
				GCC_C_LANGUAGE_STANDARD = gnu11;
				GCC_DYNAMIC_NO_PIC = NO;
				GCC_NO_COMMON_BLOCKS = YES;
				GCC_OPTIMIZATION_LEVEL = 0;
				GCC_PREPROCESSOR_DEFINITIONS = (
					"DEBUG=1",
					"$(inherited)",
				);
				GCC_WARN_64_TO_32_BIT_CONVERSION = YES;
				GCC_WARN_ABOUT_RETURN_TYPE = YES_ERROR;
				GCC_WARN_UNDECLARED_SELECTOR = YES;
				GCC_WARN_UNINITIALIZED_AUTOS = YES_AGGRESSIVE;
				GCC_WARN_UNUSED_FUNCTION = YES;
				GCC_WARN_UNUSED_VARIABLE = YES;
				IPHONEOS_DEPLOYMENT_TARGET = 13.5;
				MTL_ENABLE_DEBUG_INFO = INCLUDE_SOURCE;
				MTL_FAST_MATH = YES;
				ONLY_ACTIVE_ARCH = YES;
				SDKROOT = iphoneos;
				SWIFT_ACTIVE_COMPILATION_CONDITIONS = DEBUG;
				SWIFT_OPTIMIZATION_LEVEL = "-Onone";
			};
			name = Debug;
		};
		90FD273524D2D0FA00A6CA7E /* Release */ = {
			isa = XCBuildConfiguration;
			buildSettings = {
				ALWAYS_SEARCH_USER_PATHS = NO;
				CLANG_ANALYZER_NONNULL = YES;
				CLANG_ANALYZER_NUMBER_OBJECT_CONVERSION = YES_AGGRESSIVE;
				CLANG_CXX_LANGUAGE_STANDARD = "gnu++14";
				CLANG_CXX_LIBRARY = "libc++";
				CLANG_ENABLE_MODULES = YES;
				CLANG_ENABLE_OBJC_ARC = YES;
				CLANG_ENABLE_OBJC_WEAK = YES;
				CLANG_WARN_BLOCK_CAPTURE_AUTORELEASING = YES;
				CLANG_WARN_BOOL_CONVERSION = YES;
				CLANG_WARN_COMMA = YES;
				CLANG_WARN_CONSTANT_CONVERSION = YES;
				CLANG_WARN_DEPRECATED_OBJC_IMPLEMENTATIONS = YES;
				CLANG_WARN_DIRECT_OBJC_ISA_USAGE = YES_ERROR;
				CLANG_WARN_DOCUMENTATION_COMMENTS = YES;
				CLANG_WARN_EMPTY_BODY = YES;
				CLANG_WARN_ENUM_CONVERSION = YES;
				CLANG_WARN_INFINITE_RECURSION = YES;
				CLANG_WARN_INT_CONVERSION = YES;
				CLANG_WARN_NON_LITERAL_NULL_CONVERSION = YES;
				CLANG_WARN_OBJC_IMPLICIT_RETAIN_SELF = YES;
				CLANG_WARN_OBJC_LITERAL_CONVERSION = YES;
				CLANG_WARN_OBJC_ROOT_CLASS = YES_ERROR;
				CLANG_WARN_RANGE_LOOP_ANALYSIS = YES;
				CLANG_WARN_STRICT_PROTOTYPES = YES;
				CLANG_WARN_SUSPICIOUS_MOVE = YES;
				CLANG_WARN_UNGUARDED_AVAILABILITY = YES_AGGRESSIVE;
				CLANG_WARN_UNREACHABLE_CODE = YES;
				CLANG_WARN__DUPLICATE_METHOD_MATCH = YES;
				COPY_PHASE_STRIP = NO;
				DEBUG_INFORMATION_FORMAT = "dwarf-with-dsym";
				ENABLE_NS_ASSERTIONS = NO;
				ENABLE_STRICT_OBJC_MSGSEND = YES;
				GCC_C_LANGUAGE_STANDARD = gnu11;
				GCC_NO_COMMON_BLOCKS = YES;
				GCC_WARN_64_TO_32_BIT_CONVERSION = YES;
				GCC_WARN_ABOUT_RETURN_TYPE = YES_ERROR;
				GCC_WARN_UNDECLARED_SELECTOR = YES;
				GCC_WARN_UNINITIALIZED_AUTOS = YES_AGGRESSIVE;
				GCC_WARN_UNUSED_FUNCTION = YES;
				GCC_WARN_UNUSED_VARIABLE = YES;
				IPHONEOS_DEPLOYMENT_TARGET = 13.5;
				MTL_ENABLE_DEBUG_INFO = NO;
				MTL_FAST_MATH = YES;
				SDKROOT = iphoneos;
				SWIFT_COMPILATION_MODE = wholemodule;
				SWIFT_OPTIMIZATION_LEVEL = "-O";
				VALIDATE_PRODUCT = YES;
			};
			name = Release;
		};
		90FD273724D2D0FA00A6CA7E /* Debug */ = {
			isa = XCBuildConfiguration;
			buildSettings = {
				ASSETCATALOG_COMPILER_APPICON_NAME = AppIcon;
				CODE_SIGN_STYLE = Automatic;
				DEVELOPMENT_TEAM = G663X3L4MH;
				INFOPLIST_FILE = AsyncOperation/Info.plist;
				LD_RUNPATH_SEARCH_PATHS = (
					"$(inherited)",
					"@executable_path/Frameworks",
				);
				PRODUCT_BUNDLE_IDENTIFIER = com.fri.AsyncOperation;
				PRODUCT_NAME = "$(TARGET_NAME)";
				SWIFT_VERSION = 5.0;
				TARGETED_DEVICE_FAMILY = "1,2";
			};
			name = Debug;
		};
		90FD273824D2D0FA00A6CA7E /* Release */ = {
			isa = XCBuildConfiguration;
			buildSettings = {
				ASSETCATALOG_COMPILER_APPICON_NAME = AppIcon;
				CODE_SIGN_STYLE = Automatic;
				DEVELOPMENT_TEAM = G663X3L4MH;
				INFOPLIST_FILE = AsyncOperation/Info.plist;
				LD_RUNPATH_SEARCH_PATHS = (
					"$(inherited)",
					"@executable_path/Frameworks",
				);
				PRODUCT_BUNDLE_IDENTIFIER = com.fri.AsyncOperation;
				PRODUCT_NAME = "$(TARGET_NAME)";
				SWIFT_VERSION = 5.0;
				TARGETED_DEVICE_FAMILY = "1,2";
			};
			name = Release;
		};
/* End XCBuildConfiguration section */

/* Begin XCConfigurationList section */
		90FD271D24D2D0F500A6CA7E /* Build configuration list for PBXProject "AsyncOperation" */ = {
			isa = XCConfigurationList;
			buildConfigurations = (
				90FD273424D2D0FA00A6CA7E /* Debug */,
				90FD273524D2D0FA00A6CA7E /* Release */,
			);
			defaultConfigurationIsVisible = 0;
			defaultConfigurationName = Release;
		};
		90FD273624D2D0FA00A6CA7E /* Build configuration list for PBXNativeTarget "AsyncOperation" */ = {
			isa = XCConfigurationList;
			buildConfigurations = (
				90FD273724D2D0FA00A6CA7E /* Debug */,
				90FD273824D2D0FA00A6CA7E /* Release */,
			);
			defaultConfigurationIsVisible = 0;
			defaultConfigurationName = Release;
		};
/* End XCConfigurationList section */
	};
	rootObject = 90FD271A24D2D0F500A6CA7E /* Project object */;
}
